<?xml version="1.0" encoding="utf-8"?>
<Project ToolsVersion="4.0" xmlns="http://schemas.microsoft.com/developer/msbuild/2003">
  <ItemGroup>
    <ClCompile Include="ModuleCamera3D.cpp">
      <Filter>Source\Modules</Filter>
    </ClCompile>
    <ClCompile Include="ModuleEngineUI.cpp">
      <Filter>Source\Modules</Filter>
    </ClCompile>
    <ClCompile Include="ModuleHardware.cpp">
      <Filter>Source\Modules</Filter>
    </ClCompile>
    <ClCompile Include="ModuleInput.cpp">
      <Filter>Source\Modules</Filter>
    </ClCompile>
    <ClCompile Include="ModuleRenderer3D.cpp">
      <Filter>Source\Modules</Filter>
    </ClCompile>
    <ClCompile Include="ModuleWindow.cpp">
      <Filter>Source\Modules</Filter>
    </ClCompile>
    <ClCompile Include="MathGeoLib\include\Geometry\AABB.cpp">
      <Filter>Source\External_Files\MathGeoLib\geometry</Filter>
    </ClCompile>
    <ClCompile Include="MathGeoLib\include\Geometry\Capsule.cpp">
      <Filter>Source\External_Files\MathGeoLib\geometry</Filter>
    </ClCompile>
    <ClCompile Include="MathGeoLib\include\Geometry\Circle.cpp">
      <Filter>Source\External_Files\MathGeoLib\geometry</Filter>
    </ClCompile>
    <ClCompile Include="MathGeoLib\include\Geometry\Cone.cpp">
      <Filter>Source\External_Files\MathGeoLib\geometry</Filter>
    </ClCompile>
    <ClCompile Include="MathGeoLib\include\Geometry\Cylinder.cpp">
      <Filter>Source\External_Files\MathGeoLib\geometry</Filter>
    </ClCompile>
    <ClCompile Include="MathGeoLib\include\Geometry\Line.cpp">
      <Filter>Source\External_Files\MathGeoLib\geometry</Filter>
    </ClCompile>
    <ClCompile Include="MathGeoLib\include\Geometry\LineSegment.cpp">
      <Filter>Source\External_Files\MathGeoLib\geometry</Filter>
    </ClCompile>
    <ClCompile Include="MathGeoLib\include\Geometry\OBB.cpp">
      <Filter>Source\External_Files\MathGeoLib\geometry</Filter>
    </ClCompile>
    <ClCompile Include="MathGeoLib\include\Geometry\Plane.cpp">
      <Filter>Source\External_Files\MathGeoLib\geometry</Filter>
    </ClCompile>
    <ClCompile Include="MathGeoLib\include\Geometry\Polygon.cpp">
      <Filter>Source\External_Files\MathGeoLib\geometry</Filter>
    </ClCompile>
    <ClCompile Include="MathGeoLib\include\Geometry\Polyhedron.cpp">
      <Filter>Source\External_Files\MathGeoLib\geometry</Filter>
    </ClCompile>
    <ClCompile Include="MathGeoLib\include\Geometry\Ray.cpp">
      <Filter>Source\External_Files\MathGeoLib\geometry</Filter>
    </ClCompile>
    <ClCompile Include="MathGeoLib\include\Geometry\Sphere.cpp">
      <Filter>Source\External_Files\MathGeoLib\geometry</Filter>
    </ClCompile>
    <ClCompile Include="MathGeoLib\include\Geometry\Triangle.cpp">
      <Filter>Source\External_Files\MathGeoLib\geometry</Filter>
    </ClCompile>
    <ClCompile Include="MathGeoLib\include\Geometry\TriangleMesh.cpp">
      <Filter>Source\External_Files\MathGeoLib\geometry</Filter>
    </ClCompile>
    <ClCompile Include="MathGeoLib\include\Algorithm\Random\LCG.cpp">
      <Filter>Source\External_Files\MathGeoLib\algorith</Filter>
    </ClCompile>
    <ClCompile Include="MathGeoLib\include\Time\Clock.cpp">
      <Filter>Source\External_Files\MathGeoLib\Clock</Filter>
    </ClCompile>
    <ClCompile Include="MathGeoLib\include\Math\BitOps.cpp">
      <Filter>Source\External_Files\MathGeoLib\Math</Filter>
    </ClCompile>
    <ClCompile Include="MathGeoLib\include\Math\float2.cpp">
      <Filter>Source\External_Files\MathGeoLib\Math</Filter>
    </ClCompile>
    <ClCompile Include="MathGeoLib\include\Math\float3.cpp">
      <Filter>Source\External_Files\MathGeoLib\Math</Filter>
    </ClCompile>
    <ClCompile Include="MathGeoLib\include\Math\float3x3.cpp">
      <Filter>Source\External_Files\MathGeoLib\Math</Filter>
    </ClCompile>
    <ClCompile Include="MathGeoLib\include\Math\float3x4.cpp">
      <Filter>Source\External_Files\MathGeoLib\Math</Filter>
    </ClCompile>
    <ClCompile Include="MathGeoLib\include\Math\float4.cpp">
      <Filter>Source\External_Files\MathGeoLib\Math</Filter>
    </ClCompile>
    <ClCompile Include="MathGeoLib\include\Math\float4x4.cpp">
      <Filter>Source\External_Files\MathGeoLib\Math</Filter>
    </ClCompile>
    <ClCompile Include="MathGeoLib\include\Math\MathFunc.cpp">
      <Filter>Source\External_Files\MathGeoLib\Math</Filter>
    </ClCompile>
    <ClCompile Include="MathGeoLib\include\Math\MathLog.cpp">
      <Filter>Source\External_Files\MathGeoLib\Math</Filter>
    </ClCompile>
    <ClCompile Include="MathGeoLib\include\Math\MathOps.cpp">
      <Filter>Source\External_Files\MathGeoLib\Math</Filter>
    </ClCompile>
    <ClCompile Include="MathGeoLib\include\Math\Polynomial.cpp">
      <Filter>Source\External_Files\MathGeoLib\Math</Filter>
    </ClCompile>
    <ClCompile Include="MathGeoLib\include\Math\Quat.cpp">
      <Filter>Source\External_Files\MathGeoLib\Math</Filter>
    </ClCompile>
    <ClCompile Include="MathGeoLib\include\Math\SSEMath.cpp">
      <Filter>Source\External_Files\MathGeoLib\Math</Filter>
    </ClCompile>
    <ClCompile Include="MathGeoLib\include\Math\TransformOps.cpp">
      <Filter>Source\External_Files\MathGeoLib\Math</Filter>
    </ClCompile>
    <ClCompile Include="imgui\imgui.cpp">
      <Filter>Source\External_Files\imgui</Filter>
    </ClCompile>
    <ClCompile Include="imgui\imgui_demo.cpp">
      <Filter>Source\External_Files\imgui</Filter>
    </ClCompile>
    <ClCompile Include="imgui\imgui_draw.cpp">
      <Filter>Source\External_Files\imgui</Filter>
    </ClCompile>
    <ClCompile Include="imgui\imgui_impl_opengl3.cpp">
      <Filter>Source\External_Files\imgui</Filter>
    </ClCompile>
    <ClCompile Include="imgui\imgui_impl_sdl.cpp">
      <Filter>Source\External_Files\imgui</Filter>
    </ClCompile>
    <ClCompile Include="imgui\imgui_widgets.cpp">
      <Filter>Source\External_Files\imgui</Filter>
    </ClCompile>
    <ClCompile Include="mmgr\mmgr.cpp">
      <Filter>Source\External_Files\mmgr</Filter>
    </ClCompile>
    <ClCompile Include="Light.cpp">
      <Filter>Source\Helpers</Filter>
    </ClCompile>
    <ClCompile Include="Color.cpp">
      <Filter>Source\Containers</Filter>
    </ClCompile>
    <ClCompile Include="glmath.cpp">
      <Filter>Source\Containers</Filter>
    </ClCompile>
    <ClCompile Include="WindowUI.cpp">
      <Filter>Source\Modules\UI_Elements</Filter>
    </ClCompile>
    <ClCompile Include="WindowUI_Settings.cpp">
      <Filter>Source\Modules\UI_Elements</Filter>
    </ClCompile>
    <ClCompile Include="log.cpp">
      <Filter>Source\Tools</Filter>
    </ClCompile>
    <ClCompile Include="Timer.cpp">
      <Filter>Source\Tools</Filter>
    </ClCompile>
    <ClCompile Include="Application.cpp">
      <Filter>Source</Filter>
    </ClCompile>
    <ClCompile Include="Main.cpp">
      <Filter>Source</Filter>
    </ClCompile>
    <ClCompile Include="JSONLoader.cpp">
      <Filter>Source\Loader</Filter>
    </ClCompile>
    <ClCompile Include="MathGeoLib\include\Geometry\Frustum.cpp">
      <Filter>Source\External_Files\MathGeoLib\geometry</Filter>
    </ClCompile>
    <ClCompile Include="WindowConsole.cpp">
      <Filter>Source\Modules\UI_Elements</Filter>
    </ClCompile>
    <ClCompile Include="Primitives.cpp">
      <Filter>Source\Tools\Geometry</Filter>
    </ClCompile>
    <ClCompile Include="ModuleAssets.cpp">
      <Filter>Source\Modules</Filter>
    </ClCompile>
    <ClCompile Include="AssetMesh.cpp">
      <Filter>Source\Tools\Import_Assets</Filter>
    </ClCompile>
    <ClCompile Include="ModuleTexture.cpp">
      <Filter>Source\Modules</Filter>
    </ClCompile>
    <ClCompile Include="ModuleFileSystem.cpp">
      <Filter>Source\Modules</Filter>
    </ClCompile>
    <ClCompile Include="WindowInspector.cpp">
      <Filter>Source\Modules\UI_Elements</Filter>
    </ClCompile>
    <ClCompile Include="Gameobject.cpp">
      <Filter>Source\Tools\Gameobject</Filter>
    </ClCompile>
    <ClCompile Include="Component.cpp">
      <Filter>Source\Tools\Component</Filter>
    </ClCompile>
    <ClCompile Include="ComponentMesh.cpp">
      <Filter>Source\Tools\Component</Filter>
    </ClCompile>
    <ClCompile Include="ComponentTransform.cpp">
      <Filter>Source\Tools\Component</Filter>
    </ClCompile>
  </ItemGroup>
  <ItemGroup>
    <ClInclude Include="ModuleCamera3D.h">
      <Filter>Source\Modules</Filter>
    </ClInclude>
    <ClInclude Include="ModuleEngineUI.h">
      <Filter>Source\Modules</Filter>
    </ClInclude>
    <ClInclude Include="ModuleHardware.h">
      <Filter>Source\Modules</Filter>
    </ClInclude>
    <ClInclude Include="ModuleInput.h">
      <Filter>Source\Modules</Filter>
    </ClInclude>
    <ClInclude Include="ModuleRenderer3D.h">
      <Filter>Source\Modules</Filter>
    </ClInclude>
    <ClInclude Include="ModuleWindow.h">
      <Filter>Source\Modules</Filter>
    </ClInclude>
    <ClInclude Include="MathGeoLib\include\Geometry\AABB.h">
      <Filter>Source\External_Files\MathGeoLib\geometry</Filter>
    </ClInclude>
    <ClInclude Include="MathGeoLib\include\Geometry\AABB2D.h">
      <Filter>Source\External_Files\MathGeoLib\geometry</Filter>
    </ClInclude>
    <ClInclude Include="MathGeoLib\include\Geometry\Capsule.h">
      <Filter>Source\External_Files\MathGeoLib\geometry</Filter>
    </ClInclude>
    <ClInclude Include="MathGeoLib\include\Geometry\Circle.h">
      <Filter>Source\External_Files\MathGeoLib\geometry</Filter>
    </ClInclude>
    <ClInclude Include="MathGeoLib\include\Geometry\Cone.h">
      <Filter>Source\External_Files\MathGeoLib\geometry</Filter>
    </ClInclude>
    <ClInclude Include="MathGeoLib\include\Geometry\Cylinder.h">
      <Filter>Source\External_Files\MathGeoLib\geometry</Filter>
    </ClInclude>
    <ClInclude Include="MathGeoLib\include\Geometry\GeomType.h">
      <Filter>Source\External_Files\MathGeoLib\geometry</Filter>
    </ClInclude>
    <ClInclude Include="MathGeoLib\include\Geometry\GeometryAll.h">
      <Filter>Source\External_Files\MathGeoLib\geometry</Filter>
    </ClInclude>
    <ClInclude Include="MathGeoLib\include\Geometry\Frustum.h">
      <Filter>Source\External_Files\MathGeoLib\geometry</Filter>
    </ClInclude>
    <ClInclude Include="MathGeoLib\include\Geometry\HitInfo.h">
      <Filter>Source\External_Files\MathGeoLib\geometry</Filter>
    </ClInclude>
    <ClInclude Include="MathGeoLib\include\Geometry\KDTree.h">
      <Filter>Source\External_Files\MathGeoLib\geometry</Filter>
    </ClInclude>
    <ClInclude Include="MathGeoLib\include\Geometry\Line.h">
      <Filter>Source\External_Files\MathGeoLib\geometry</Filter>
    </ClInclude>
    <ClInclude Include="MathGeoLib\include\Geometry\LineSegment.h">
      <Filter>Source\External_Files\MathGeoLib\geometry</Filter>
    </ClInclude>
    <ClInclude Include="MathGeoLib\include\Geometry\OBB.h">
      <Filter>Source\External_Files\MathGeoLib\geometry</Filter>
    </ClInclude>
    <ClInclude Include="MathGeoLib\include\Geometry\PBVolume.h">
      <Filter>Source\External_Files\MathGeoLib\geometry</Filter>
    </ClInclude>
    <ClInclude Include="MathGeoLib\include\Geometry\Plane.h">
      <Filter>Source\External_Files\MathGeoLib\geometry</Filter>
    </ClInclude>
    <ClInclude Include="MathGeoLib\include\Geometry\Polygon.h">
      <Filter>Source\External_Files\MathGeoLib\geometry</Filter>
    </ClInclude>
    <ClInclude Include="MathGeoLib\include\Geometry\Polyhedron.h">
      <Filter>Source\External_Files\MathGeoLib\geometry</Filter>
    </ClInclude>
    <ClInclude Include="MathGeoLib\include\Geometry\QuadTree.h">
      <Filter>Source\External_Files\MathGeoLib\geometry</Filter>
    </ClInclude>
    <ClInclude Include="MathGeoLib\include\Geometry\Ray.h">
      <Filter>Source\External_Files\MathGeoLib\geometry</Filter>
    </ClInclude>
    <ClInclude Include="MathGeoLib\include\Geometry\Sphere.h">
      <Filter>Source\External_Files\MathGeoLib\geometry</Filter>
    </ClInclude>
    <ClInclude Include="MathGeoLib\include\Geometry\Triangle.h">
      <Filter>Source\External_Files\MathGeoLib\geometry</Filter>
    </ClInclude>
    <ClInclude Include="MathGeoLib\include\Geometry\TriangleMesh.h">
      <Filter>Source\External_Files\MathGeoLib\geometry</Filter>
    </ClInclude>
    <ClInclude Include="MathGeoLib\include\Algorithm\Random\LCG.h">
      <Filter>Source\External_Files\MathGeoLib\algorith</Filter>
    </ClInclude>
    <ClInclude Include="MathGeoLib\include\Time\Clock.h">
      <Filter>Source\External_Files\MathGeoLib\Clock</Filter>
    </ClInclude>
    <ClInclude Include="MathGeoLib\include\Math\assume.h">
      <Filter>Source\External_Files\MathGeoLib\Math</Filter>
    </ClInclude>
    <ClInclude Include="MathGeoLib\include\Math\BitOps.h">
      <Filter>Source\External_Files\MathGeoLib\Math</Filter>
    </ClInclude>
    <ClInclude Include="MathGeoLib\include\Math\Complex.h">
      <Filter>Source\External_Files\MathGeoLib\Math</Filter>
    </ClInclude>
    <ClInclude Include="MathGeoLib\include\Math\CoordinateAxisConvention.h">
      <Filter>Source\External_Files\MathGeoLib\Math</Filter>
    </ClInclude>
    <ClInclude Include="MathGeoLib\include\Math\FixedPoint.h">
      <Filter>Source\External_Files\MathGeoLib\Math</Filter>
    </ClInclude>
    <ClInclude Include="MathGeoLib\include\Math\float2.h">
      <Filter>Source\External_Files\MathGeoLib\Math</Filter>
    </ClInclude>
    <ClInclude Include="MathGeoLib\include\Math\float3.h">
      <Filter>Source\External_Files\MathGeoLib\Math</Filter>
    </ClInclude>
    <ClInclude Include="MathGeoLib\include\Math\float3x3.h">
      <Filter>Source\External_Files\MathGeoLib\Math</Filter>
    </ClInclude>
    <ClInclude Include="MathGeoLib\include\Math\float3x4.h">
      <Filter>Source\External_Files\MathGeoLib\Math</Filter>
    </ClInclude>
    <ClInclude Include="MathGeoLib\include\Math\float4.h">
      <Filter>Source\External_Files\MathGeoLib\Math</Filter>
    </ClInclude>
    <ClInclude Include="MathGeoLib\include\Math\float4_neon.h">
      <Filter>Source\External_Files\MathGeoLib\Math</Filter>
    </ClInclude>
    <ClInclude Include="MathGeoLib\include\Math\float4_sse.h">
      <Filter>Source\External_Files\MathGeoLib\Math</Filter>
    </ClInclude>
    <ClInclude Include="MathGeoLib\include\Math\float4x4.h">
      <Filter>Source\External_Files\MathGeoLib\Math</Filter>
    </ClInclude>
    <ClInclude Include="MathGeoLib\include\Math\float4x4_neon.h">
      <Filter>Source\External_Files\MathGeoLib\Math</Filter>
    </ClInclude>
    <ClInclude Include="MathGeoLib\include\Math\float4x4_sse.h">
      <Filter>Source\External_Files\MathGeoLib\Math</Filter>
    </ClInclude>
    <ClInclude Include="MathGeoLib\include\Math\FloatCmp.h">
      <Filter>Source\External_Files\MathGeoLib\Math</Filter>
    </ClInclude>
    <ClInclude Include="MathGeoLib\include\Math\MathAll.h">
      <Filter>Source\External_Files\MathGeoLib\Math</Filter>
    </ClInclude>
    <ClInclude Include="MathGeoLib\include\Math\MathConstants.h">
      <Filter>Source\External_Files\MathGeoLib\Math</Filter>
    </ClInclude>
    <ClInclude Include="MathGeoLib\include\Math\MathFunc.h">
      <Filter>Source\External_Files\MathGeoLib\Math</Filter>
    </ClInclude>
    <ClInclude Include="MathGeoLib\include\Math\MathLog.h">
      <Filter>Source\External_Files\MathGeoLib\Math</Filter>
    </ClInclude>
    <ClInclude Include="MathGeoLib\include\Math\MathNamespace.h">
      <Filter>Source\External_Files\MathGeoLib\Math</Filter>
    </ClInclude>
    <ClInclude Include="MathGeoLib\include\Math\MathTypes.h">
      <Filter>Source\External_Files\MathGeoLib\Math</Filter>
    </ClInclude>
    <ClInclude Include="MathGeoLib\include\Math\MatrixProxy.h">
      <Filter>Source\External_Files\MathGeoLib\Math</Filter>
    </ClInclude>
    <ClInclude Include="MathGeoLib\include\Math\myassert.h">
      <Filter>Source\External_Files\MathGeoLib\Math</Filter>
    </ClInclude>
    <ClInclude Include="MathGeoLib\include\Math\Polynomial.h">
      <Filter>Source\External_Files\MathGeoLib\Math</Filter>
    </ClInclude>
    <ClInclude Include="MathGeoLib\include\Math\Quat.h">
      <Filter>Source\External_Files\MathGeoLib\Math</Filter>
    </ClInclude>
    <ClInclude Include="MathGeoLib\include\Math\quat_simd.h">
      <Filter>Source\External_Files\MathGeoLib\Math</Filter>
    </ClInclude>
    <ClInclude Include="MathGeoLib\include\Math\Rect.h">
      <Filter>Source\External_Files\MathGeoLib\Math</Filter>
    </ClInclude>
    <ClInclude Include="MathGeoLib\include\Math\Reinterpret.h">
      <Filter>Source\External_Files\MathGeoLib\Math</Filter>
    </ClInclude>
    <ClInclude Include="MathGeoLib\include\Math\sse_mathfun.h">
      <Filter>Source\External_Files\MathGeoLib\Math</Filter>
    </ClInclude>
    <ClInclude Include="MathGeoLib\include\Math\SSEMath.h">
      <Filter>Source\External_Files\MathGeoLib\Math</Filter>
    </ClInclude>
    <ClInclude Include="MathGeoLib\include\Math\TransformOps.h">
      <Filter>Source\External_Files\MathGeoLib\Math</Filter>
    </ClInclude>
    <ClInclude Include="MathGeoLib\include\MathBuildConfig.h">
      <Filter>Source\External_Files\MathGeoLib</Filter>
    </ClInclude>
    <ClInclude Include="MathGeoLib\include\MathGeoLib.h">
      <Filter>Source\External_Files\MathGeoLib</Filter>
    </ClInclude>
    <ClInclude Include="MathGeoLib\include\MathGeoLibFwd.h">
      <Filter>Source\External_Files\MathGeoLib</Filter>
    </ClInclude>
    <ClInclude Include="glew\include\eglew.h">
      <Filter>Source\External_Files\glew</Filter>
    </ClInclude>
    <ClInclude Include="glew\include\glew.h">
      <Filter>Source\External_Files\glew</Filter>
    </ClInclude>
    <ClInclude Include="glew\include\glxew.h">
      <Filter>Source\External_Files\glew</Filter>
    </ClInclude>
    <ClInclude Include="glew\include\wglew.h">
      <Filter>Source\External_Files\glew</Filter>
    </ClInclude>
    <ClInclude Include="imgui\imconfig.h">
      <Filter>Source\External_Files\imgui</Filter>
    </ClInclude>
    <ClInclude Include="imgui\imgui.h">
      <Filter>Source\External_Files\imgui</Filter>
    </ClInclude>
    <ClInclude Include="imgui_defines.h">
      <Filter>Source\External_Files\imgui</Filter>
    </ClInclude>
    <ClInclude Include="imgui\imgui_impl_opengl3.h">
      <Filter>Source\External_Files\imgui</Filter>
    </ClInclude>
    <ClInclude Include="imgui\imgui_impl_sdl.h">
      <Filter>Source\External_Files\imgui</Filter>
    </ClInclude>
    <ClInclude Include="imgui\imgui_internal.h">
      <Filter>Source\External_Files\imgui</Filter>
    </ClInclude>
    <ClInclude Include="imgui\imstb_rectpack.h">
      <Filter>Source\External_Files\imgui</Filter>
    </ClInclude>
    <ClInclude Include="imgui\imstb_textedit.h">
      <Filter>Source\External_Files\imgui</Filter>
    </ClInclude>
    <ClInclude Include="imgui\imstb_truetype.h">
      <Filter>Source\External_Files\imgui</Filter>
    </ClInclude>
    <ClInclude Include="mmgr\mmgr.h">
      <Filter>Source\External_Files\mmgr</Filter>
    </ClInclude>
    <ClInclude Include="mmgr\nommgr.h">
      <Filter>Source\External_Files\mmgr</Filter>
    </ClInclude>
    <ClInclude Include="Light.h">
      <Filter>Source\Helpers</Filter>
    </ClInclude>
    <ClInclude Include="Color.h">
      <Filter>Source\Containers</Filter>
    </ClInclude>
    <ClInclude Include="glmath.h">
      <Filter>Source\Containers</Filter>
    </ClInclude>
    <ClInclude Include="WindowUI.h">
      <Filter>Source\Modules\UI_Elements</Filter>
    </ClInclude>
    <ClInclude Include="WindowUI_Settings.h">
      <Filter>Source\Modules\UI_Elements</Filter>
    </ClInclude>
    <ClInclude Include="Maths.h">
      <Filter>Source\Tools</Filter>
    </ClInclude>
    <ClInclude Include="Application.h">
      <Filter>Source</Filter>
    </ClInclude>
    <ClInclude Include="Globals.h">
      <Filter>Source</Filter>
    </ClInclude>
    <ClInclude Include="JSONLoader.h">
      <Filter>Source\Loader</Filter>
    </ClInclude>
    <ClInclude Include="Timer.h">
      <Filter>Source\Tools</Filter>
    </ClInclude>
    <ClInclude Include="Module.h">
      <Filter>Source\Modules</Filter>
    </ClInclude>
    <ClInclude Include="json\json.hpp">
      <Filter>Source\External_Files\json</Filter>
    </ClInclude>
    <ClInclude Include="Brofiler\Brofiler.h">
      <Filter>Source\External_Files\brofiler</Filter>
    </ClInclude>
    <ClInclude Include="WindowConsole.h">
      <Filter>Source\Modules\UI_Elements</Filter>
    </ClInclude>
    <ClInclude Include="ParFiles\par_shapes.h">
      <Filter>Source\External_Files\ParFiles</Filter>
    </ClInclude>
    <ClInclude Include="Primitives.h">
      <Filter>Source\Tools\Geometry</Filter>
    </ClInclude>
    <ClInclude Include="ModuleAssets.h">
      <Filter>Source\Modules</Filter>
    </ClInclude>
    <ClInclude Include="AssetMesh.h">
      <Filter>Source\Tools\Import_Assets</Filter>
    </ClInclude>
    <ClInclude Include="ModuleFileSystem.h">
      <Filter>Source\Modules</Filter>
    </ClInclude>
    <ClInclude Include="Event.h">
      <Filter>Source\Tools</Filter>
    </ClInclude>
    <ClInclude Include="ModuleTexture.h">
      <Filter>Source\Modules</Filter>
    </ClInclude>
    <ClInclude Include="WindowInspector.h">
      <Filter>Source\Modules\UI_Elements</Filter>
    </ClInclude>
    <ClInclude Include="Gameobject.h">
      <Filter>Source\Tools\Gameobject</Filter>
    </ClInclude>
    <ClInclude Include="Component.h">
      <Filter>Source\Tools\Component</Filter>
    </ClInclude>
    <ClInclude Include="ComponentMesh.h">
      <Filter>Source\Tools\Component</Filter>
    </ClInclude>
    <ClInclude Include="ComponentTransform.h">
      <Filter>Source\Tools\Component</Filter>
    </ClInclude>
  </ItemGroup>
  <ItemGroup>
    <None Include="MathGeoLib\include\Geometry\KDTree.inl">
      <Filter>Source\External_Files\MathGeoLib\geometry</Filter>
    </None>
    <None Include="MathGeoLib\include\Geometry\QuadTree.inl">
      <Filter>Source\External_Files\MathGeoLib\geometry</Filter>
    </None>
    <None Include="MathGeoLib\include\Geometry\TriangleMesh_IntersectRay_SSE.inl">
      <Filter>Source\External_Files\MathGeoLib\geometry</Filter>
    </None>
    <None Include="MathGeoLib\include\Geometry\TriangleMesh_IntersectRay_CPP.inl">
      <Filter>Source\External_Files\MathGeoLib\geometry</Filter>
    </None>
    <None Include="MathGeoLib\include\Geometry\TriangleMesh_IntersectRay_AVX.inl">
      <Filter>Source\External_Files\MathGeoLib\geometry</Filter>
    </None>
    <None Include="MathGeoLib\include\Math\Matrix.inl">
      <Filter>Source\External_Files\MathGeoLib\Math</Filter>
    </None>
  </ItemGroup>
  <ItemGroup>
    <Filter Include="Source">
      <UniqueIdentifier>{a88031df-ab21-40c9-9906-03478c90320b}</UniqueIdentifier>
    </Filter>
    <Filter Include="Source\Containers">
      <UniqueIdentifier>{94274be7-7c8e-4e8b-88da-8d63cd137576}</UniqueIdentifier>
    </Filter>
    <Filter Include="Source\External_Files">
      <UniqueIdentifier>{65424436-6885-4e80-a2f1-6579a8e3e138}</UniqueIdentifier>
    </Filter>
    <Filter Include="Source\Helpers">
      <UniqueIdentifier>{43a4f8f8-a900-4357-b242-22c05568a9da}</UniqueIdentifier>
    </Filter>
    <Filter Include="Source\Modules">
      <UniqueIdentifier>{8e76cbb1-e505-4dab-9436-7e4cd90b579f}</UniqueIdentifier>
    </Filter>
    <Filter Include="Source\Tools">
      <UniqueIdentifier>{8d262d84-c5d8-4858-84dd-667d9c3677db}</UniqueIdentifier>
    </Filter>
    <Filter Include="Source\External_Files\MathGeoLib">
      <UniqueIdentifier>{4efa13d3-6ba1-4080-a8f8-b3d73576ed64}</UniqueIdentifier>
    </Filter>
    <Filter Include="Source\External_Files\MathGeoLib\geometry">
      <UniqueIdentifier>{735b0d90-9f57-46d8-b7ef-c30356387a52}</UniqueIdentifier>
    </Filter>
    <Filter Include="Source\External_Files\MathGeoLib\algorith">
      <UniqueIdentifier>{0e8739dc-a8c6-40f3-8e59-caababf26a32}</UniqueIdentifier>
    </Filter>
    <Filter Include="Source\External_Files\MathGeoLib\Clock">
      <UniqueIdentifier>{2fac35c1-4895-48c3-b31c-111c9411c057}</UniqueIdentifier>
    </Filter>
    <Filter Include="Source\External_Files\MathGeoLib\Math">
      <UniqueIdentifier>{542f8876-747e-4320-8731-a1cfe3325114}</UniqueIdentifier>
    </Filter>
    <Filter Include="Source\External_Files\glew">
      <UniqueIdentifier>{cb5711be-28ec-4a39-9088-366e3a8d0e02}</UniqueIdentifier>
    </Filter>
    <Filter Include="Source\External_Files\imgui">
      <UniqueIdentifier>{2edd65bb-5643-4ddd-9ab7-fa4949b8631b}</UniqueIdentifier>
    </Filter>
    <Filter Include="Source\External_Files\mmgr">
      <UniqueIdentifier>{d641ed0f-5450-4364-8f30-26dae7ba706e}</UniqueIdentifier>
    </Filter>
    <Filter Include="Source\Modules\UI_Elements">
      <UniqueIdentifier>{7f899bcf-d91a-40b1-be17-372337de8d3a}</UniqueIdentifier>
    </Filter>
    <Filter Include="Source\External_Files\json">
      <UniqueIdentifier>{ab77f1e6-9ea5-4865-9a6c-83998d416b0f}</UniqueIdentifier>
    </Filter>
    <Filter Include="Source\Loader">
      <UniqueIdentifier>{0fcd7fd0-e5bc-4504-9822-f570066ed09e}</UniqueIdentifier>
    </Filter>
    <Filter Include="Source\External_Files\brofiler">
      <UniqueIdentifier>{18132174-0ae3-42f0-ac8b-0047e31e8eec}</UniqueIdentifier>
    </Filter>
    <Filter Include="Source\External_Files\ParFiles">
      <UniqueIdentifier>{c1619794-9086-43e1-b8b2-ab429fa6c703}</UniqueIdentifier>
    </Filter>
    <Filter Include="Source\Tools\Geometry">
      <UniqueIdentifier>{103b048b-b2a5-489d-a24e-76ab859791fa}</UniqueIdentifier>
    </Filter>
    <Filter Include="Source\Tools\Import_Assets">
      <UniqueIdentifier>{86a5ca8c-a69f-4687-abaf-bac1f7169edd}</UniqueIdentifier>
    </Filter>
    <Filter Include="Source\Tools\Component">
      <UniqueIdentifier>{a2b70767-9222-4d8d-a37d-2ce5a206881f}</UniqueIdentifier>
    </Filter>
    <Filter Include="Source\Tools\Gameobject">
      <UniqueIdentifier>{60f2a376-b360-4b3f-b6d7-91d8949e8ee8}</UniqueIdentifier>
    </Filter>
  </ItemGroup>
</Project>